
Microsoft Visual Studio Solution File, Format Version 12.00
# Visual Studio Version 16
VisualStudioVersion = 16.0.30517.126
MinimumVisualStudioVersion = 10.0.40219.1
Project("{9A19103F-16F7-4668-BE54-9A1E7A4F7556}") = "Core", "Core\Core.csproj", "{187C9E74-A50C-4115-A70B-C8657FC9A5A4}"
EndProject
Project("{FAE04EC0-301F-11D3-BF4B-00C04F79EFBC}") = "Application", "Application\Application.csproj", "{9317C6AA-D0FD-45B0-A57F-9FC934B64551}"
EndProject
Global
	GlobalSection(SolutionConfigurationPlatforms) = preSolution
		Debug|Any CPU = Debug|Any CPU
		Release|Any CPU = Release|Any CPU
	EndGlobalSection
	GlobalSection(ProjectConfigurationPlatforms) = postSolution
		{187C9E74-A50C-4115-A70B-C8657FC9A5A4}.Debug|Any CPU.ActiveCfg = Debug|Any CPU
		{187C9E74-A50C-4115-A70B-C8657FC9A5A4}.Debug|Any CPU.Build.0 = Debug|Any CPU
		{187C9E74-A50C-4115-A70B-C8657FC9A5A4}.Release|Any CPU.ActiveCfg = Release|Any CPU
		{187C9E74-A50C-4115-A70B-C8657FC9A5A4}.Release|Any CPU.Build.0 = Release|Any CPU
		{9317C6AA-D0FD-45B0-A57F-9FC934B64551}.Debug|Any CPU.ActiveCfg = Debug|Any CPU
		{9317C6AA-D0FD-45B0-A57F-9FC934B64551}.Debug|Any CPU.Build.0 = Debug|Any CPU
		{9317C6AA-D0FD-45B0-A57F-9FC934B64551}.Release|Any CPU.ActiveCfg = Release|Any CPU
		{9317C6AA-D0FD-45B0-A57F-9FC934B64551}.Release|Any CPU.Build.0 = Release|Any CPU
	EndGlobalSection
	GlobalSection(SolutionProperties) = preSolution
		HideSolutionNode = FALSE
	EndGlobalSection
	GlobalSection(ExtensibilityGlobals) = postSolution
		SolutionGuid = {C86B7A4C-333A-4DBC-90E4-C79BACF3A68F}
	EndGlobalSection
EndGlobal
